
Microsoft Visual Studio Solution File, Format Version 12.00
# Visual Studio Version 16
VisualStudioVersion = 16.0.30225.117
MinimumVisualStudioVersion = 10.0.40219.1
Project("{FAE04EC0-301F-11D3-BF4B-00C04F79EFBC}") = "AusCovdUpdate", "AusCovdUpdate\AusCovdUpdate.csproj", "{BDFDE59A-4C03-4366-A888-641666BF3E97}"
EndProject
Global
	GlobalSection(SolutionConfigurationPlatforms) = preSolution
		Debug|Any CPU = Debug|Any CPU
		Release|Any CPU = Release|Any CPU
	EndGlobalSection
	GlobalSection(ProjectConfigurationPlatforms) = postSolution
		{BDFDE59A-4C03-4366-A888-641666BF3E97}.Debug|Any CPU.ActiveCfg = Debug|Any CPU
		{BDFDE59A-4C03-4366-A888-641666BF3E97}.Debug|Any CPU.Build.0 = Debug|Any CPU
		{BDFDE59A-4C03-4366-A888-641666BF3E97}.Release|Any CPU.ActiveCfg = Release|Any CPU
		{BDFDE59A-4C03-4366-A888-641666BF3E97}.Release|Any CPU.Build.0 = Release|Any CPU
	EndGlobalSection
	GlobalSection(SolutionProperties) = preSolution
		HideSolutionNode = FALSE
	EndGlobalSection
	GlobalSection(ExtensibilityGlobals) = postSolution
		SolutionGuid = {1719F3FC-7FEF-4483-9695-8BF0523F9CEC}
	EndGlobalSection
EndGlobal
